# THIS IS AN AUTOGENERATED FILE. DO NOT EDIT THIS FILE DIRECTLY.
# yarn lockfile v1


"@types/jquery@^3.5.14":
  version "3.5.19"
  resolved "https://registry.yarnpkg.com/@types/jquery/-/jquery-3.5.19.tgz#f9b6cb7ed82cd92584ce33238ee8425798358365"
  integrity sha512-KFbmk+dXfphHGuVCmlopgcNRCegN/21mkeoD4BzuJhVH0SJW3Uo2mLuAwb6oqTNV79EsRp6J7yC1BbKymjpx/g==
  dependencies:
    "@types/sizzle" "*"

"@types/sizzle@*":
  version "2.3.3"
  resolved "https://registry.yarnpkg.com/@types/sizzle/-/sizzle-2.3.3.tgz#ff5e2f1902969d305225a047c8a0fd5c915cebef"
  integrity sha512-JYM8x9EGF163bEyhdJBpR2QX1R5naCJHC8ucJylJ3w9/CVBaskdQ8WqBf8MmQrd1kRvp/a4TS8HJ+bxzR7ZJYQ==
